
Microsoft Visual Studio Solution File, Format Version 12.00
# Visual Studio Version 17
VisualStudioVersion = 17.6.33815.320
MinimumVisualStudioVersion = 10.0.40219.1
Project("{FAE04EC0-301F-11D3-BF4B-00C04F79EFBC}") = "Dominio", "Dominio\Dominio.csproj", "{5504FF60-1311-4EA4-88BA-2A0FE85B9E1F}"
EndProject
Project("{FAE04EC0-301F-11D3-BF4B-00C04F79EFBC}") = "Infra", "Infra\Infra.csproj", "{8D9AB7B0-EE72-4321-971B-A2A5104D6FF9}"
EndProject
Project("{FAE04EC0-301F-11D3-BF4B-00C04F79EFBC}") = "webapp", "webapp\webapp.csproj", "{BFB18CFB-E2CE-4ED1-944C-409BA5A46F85}"
EndProject
Global
	GlobalSection(SolutionConfigurationPlatforms) = preSolution
		Debug|Any CPU = Debug|Any CPU
		Release|Any CPU = Release|Any CPU
	EndGlobalSection
	GlobalSection(ProjectConfigurationPlatforms) = postSolution
		{5504FF60-1311-4EA4-88BA-2A0FE85B9E1F}.Debug|Any CPU.ActiveCfg = Debug|Any CPU
		{5504FF60-1311-4EA4-88BA-2A0FE85B9E1F}.Debug|Any CPU.Build.0 = Debug|Any CPU
		{5504FF60-1311-4EA4-88BA-2A0FE85B9E1F}.Release|Any CPU.ActiveCfg = Release|Any CPU
		{5504FF60-1311-4EA4-88BA-2A0FE85B9E1F}.Release|Any CPU.Build.0 = Release|Any CPU
		{8D9AB7B0-EE72-4321-971B-A2A5104D6FF9}.Debug|Any CPU.ActiveCfg = Debug|Any CPU
		{8D9AB7B0-EE72-4321-971B-A2A5104D6FF9}.Debug|Any CPU.Build.0 = Debug|Any CPU
		{8D9AB7B0-EE72-4321-971B-A2A5104D6FF9}.Release|Any CPU.ActiveCfg = Release|Any CPU
		{8D9AB7B0-EE72-4321-971B-A2A5104D6FF9}.Release|Any CPU.Build.0 = Release|Any CPU
		{BFB18CFB-E2CE-4ED1-944C-409BA5A46F85}.Debug|Any CPU.ActiveCfg = Debug|Any CPU
		{BFB18CFB-E2CE-4ED1-944C-409BA5A46F85}.Debug|Any CPU.Build.0 = Debug|Any CPU
		{BFB18CFB-E2CE-4ED1-944C-409BA5A46F85}.Release|Any CPU.ActiveCfg = Release|Any CPU
		{BFB18CFB-E2CE-4ED1-944C-409BA5A46F85}.Release|Any CPU.Build.0 = Release|Any CPU
	EndGlobalSection
	GlobalSection(SolutionProperties) = preSolution
		HideSolutionNode = FALSE
	EndGlobalSection
	GlobalSection(ExtensibilityGlobals) = postSolution
		SolutionGuid = {9C2F8288-8B52-418C-BBEC-C52D1CFA0E14}
	EndGlobalSection
EndGlobal
